{
  "originHash" : "78526aafdff3d7bb5fccbf1f4499af4d3ea88e16e8819bf30db26c60f51192d8",
  "pins" : [
    {
      "identity" : "launchatlogin-legacy",
      "kind" : "remoteSourceControl",
      "location" : "https://github.com/sindresorhus/LaunchAtLogin-Legacy",
      "state" : {
        "branch" : "main",
        "revision" : "9a894d799269cb591037f9f9cb0961510d4dca81"
      }
    }
  ],
  "version" : 3
}
